// !$*UTF8*$!
{
	archiveVersion = 1;
	classes = {
	};
	objectVersion = 48;
	objects = {

/* Begin PBXBuildFile section */
		7E4EA205204E3CA6009868DF /* AppDelegate.swift in Sources */ = {isa = PBXBuildFile; fileRef = 7E4EA204204E3CA6009868DF /* AppDelegate.swift */; };
		7E4EA207204E3CA6009868DF /* ViewController.swift in Sources */ = {isa = PBXBuildFile; fileRef = 7E4EA206204E3CA6009868DF /* ViewController.swift */; };
		7E4EA20A204E3CA6009868DF /* Main.storyboard in Resources */ = {isa = PBXBuildFile; fileRef = 7E4EA208204E3CA6009868DF /* Main.storyboard */; };
		7E4EA20C204E3CA6009868DF /* Assets.xcassets in Resources */ = {isa = PBXBuildFile; fileRef = 7E4EA20B204E3CA6009868DF /* Assets.xcassets */; };
		7E4EA20F204E3CA6009868DF /* LaunchScreen.storyboard in Resources */ = {isa = PBXBuildFile; fileRef = 7E4EA20D204E3CA6009868DF /* LaunchScreen.storyboard */; };
		7E4EA21A204E3CA6009868DF /* C3p0Tests.swift in Sources */ = {isa = PBXBuildFile; fileRef = 7E4EA219204E3CA6009868DF /* C3p0Tests.swift */; };
		7E4EA225204E3CA6009868DF /* C3p0UITests.swift in Sources */ = {isa = PBXBuildFile; fileRef = 7E4EA224204E3CA6009868DF /* C3p0UITests.swift */; };
/* End PBXBuildFile section */

/* Begin PBXContainerItemProxy section */
		7E4EA216204E3CA6009868DF /* PBXContainerItemProxy */ = {
			isa = PBXContainerItemProxy;
			containerPortal = 7E4EA1F9204E3CA5009868DF /* Project object */;
			proxyType = 1;
			remoteGlobalIDString = 7E4EA200204E3CA6009868DF;
			remoteInfo = C3p0;
		};
		7E4EA221204E3CA6009868DF /* PBXContainerItemProxy */ = {
			isa = PBXContainerItemProxy;
			containerPortal = 7E4EA1F9204E3CA5009868DF /* Project object */;
			proxyType = 1;
			remoteGlobalIDString = 7E4EA200204E3CA6009868DF;
			remoteInfo = C3p0;
		};
/* End PBXContainerItemProxy section */

/* Begin PBXFileReference section */
		7E4EA201204E3CA6009868DF /* C3p0.app */ = {isa = PBXFileReference; explicitFileType = wrapper.application; includeInIndex = 0; path = C3p0.app; sourceTree = BUILT_PRODUCTS_DIR; };
		7E4EA204204E3CA6009868DF /* AppDelegate.swift */ = {isa = PBXFileReference; lastKnownFileType = sourcecode.swift; path = AppDelegate.swift; sourceTree = "<group>"; };
		7E4EA206204E3CA6009868DF /* ViewController.swift */ = {isa = PBXFileReference; lastKnownFileType = sourcecode.swift; path = ViewController.swift; sourceTree = "<group>"; };
		7E4EA209204E3CA6009868DF /* Base */ = {isa = PBXFileReference; lastKnownFileType = file.storyboard; name = Base; path = Base.lproj/Main.storyboard; sourceTree = "<group>"; };
		7E4EA20B204E3CA6009868DF /* Assets.xcassets */ = {isa = PBXFileReference; lastKnownFileType = folder.assetcatalog; path = Assets.xcassets; sourceTree = "<group>"; };
		7E4EA20E204E3CA6009868DF /* Base */ = {isa = PBXFileReference; lastKnownFileType = file.storyboard; name = Base; path = Base.lproj/LaunchScreen.storyboard; sourceTree = "<group>"; };
		7E4EA210204E3CA6009868DF /* Info.plist */ = {isa = PBXFileReference; lastKnownFileType = text.plist.xml; path = Info.plist; sourceTree = "<group>"; };
		7E4EA215204E3CA6009868DF /* C3p0Tests.xctest */ = {isa = PBXFileReference; explicitFileType = wrapper.cfbundle; includeInIndex = 0; path = C3p0Tests.xctest; sourceTree = BUILT_PRODUCTS_DIR; };
		7E4EA219204E3CA6009868DF /* C3p0Tests.swift */ = {isa = PBXFileReference; lastKnownFileType = sourcecode.swift; path = C3p0Tests.swift; sourceTree = "<group>"; };
		7E4EA21B204E3CA6009868DF /* Info.plist */ = {isa = PBXFileReference; lastKnownFileType = text.plist.xml; path = Info.plist; sourceTree = "<group>"; };
		7E4EA220204E3CA6009868DF /* C3p0UITests.xctest */ = {isa = PBXFileReference; explicitFileType = wrapper.cfbundle; includeInIndex = 0; path = C3p0UITests.xctest; sourceTree = BUILT_PRODUCTS_DIR; };
		7E4EA224204E3CA6009868DF /* C3p0UITests.swift */ = {isa = PBXFileReference; lastKnownFileType = sourcecode.swift; path = C3p0UITests.swift; sourceTree = "<group>"; };
		7E4EA226204E3CA6009868DF /* Info.plist */ = {isa = PBXFileReference; lastKnownFileType = text.plist.xml; path = Info.plist; sourceTree = "<group>"; };
/* End PBXFileReference section */

/* Begin PBXFrameworksBuildPhase section */
		7E4EA1FE204E3CA6009868DF /* Frameworks */ = {
			isa = PBXFrameworksBuildPhase;
			buildActionMask = 2147483647;
			files = (
			);
			runOnlyForDeploymentPostprocessing = 0;
		};
		7E4EA212204E3CA6009868DF /* Frameworks */ = {
			isa = PBXFrameworksBuildPhase;
			buildActionMask = 2147483647;
			files = (
			);
			runOnlyForDeploymentPostprocessing = 0;
		};
		7E4EA21D204E3CA6009868DF /* Frameworks */ = {
			isa = PBXFrameworksBuildPhase;
			buildActionMask = 2147483647;
			files = (
			);
			runOnlyForDeploymentPostprocessing = 0;
		};
/* End PBXFrameworksBuildPhase section */

/* Begin PBXGroup section */
		7E4EA1F8204E3CA5009868DF = {
			isa = PBXGroup;
			children = (
				7E4EA203204E3CA6009868DF /* C3p0 */,
				7E4EA218204E3CA6009868DF /* C3p0Tests */,
				7E4EA223204E3CA6009868DF /* C3p0UITests */,
				7E4EA202204E3CA6009868DF /* Products */,
			);
			sourceTree = "<group>";
		};
		7E4EA202204E3CA6009868DF /* Products */ = {
			isa = PBXGroup;
			children = (
				7E4EA201204E3CA6009868DF /* C3p0.app */,
				7E4EA215204E3CA6009868DF /* C3p0Tests.xctest */,
				7E4EA220204E3CA6009868DF /* C3p0UITests.xctest */,
			);
			name = Products;
			sourceTree = "<group>";
		};
		7E4EA203204E3CA6009868DF /* C3p0 */ = {
			isa = PBXGroup;
			children = (
				7E4EA204204E3CA6009868DF /* AppDelegate.swift */,
				7E4EA206204E3CA6009868DF /* ViewController.swift */,
				7E4EA208204E3CA6009868DF /* Main.storyboard */,
				7E4EA20B204E3CA6009868DF /* Assets.xcassets */,
				7E4EA20D204E3CA6009868DF /* LaunchScreen.storyboard */,
				7E4EA210204E3CA6009868DF /* Info.plist */,
			);
			path = C3p0;
			sourceTree = "<group>";
		};
		7E4EA218204E3CA6009868DF /* C3p0Tests */ = {
			isa = PBXGroup;
			children = (
				7E4EA219204E3CA6009868DF /* C3p0Tests.swift */,
				7E4EA21B204E3CA6009868DF /* Info.plist */,
			);
			path = C3p0Tests;
			sourceTree = "<group>";
		};
		7E4EA223204E3CA6009868DF /* C3p0UITests */ = {
			isa = PBXGroup;
			children = (
				7E4EA224204E3CA6009868DF /* C3p0UITests.swift */,
				7E4EA226204E3CA6009868DF /* Info.plist */,
			);
			path = C3p0UITests;
			sourceTree = "<group>";
		};
/* End PBXGroup section */

/* Begin PBXNativeTarget section */
		7E4EA200204E3CA6009868DF /* C3p0 */ = {
			isa = PBXNativeTarget;
			buildConfigurationList = 7E4EA229204E3CA6009868DF /* Build configuration list for PBXNativeTarget "C3p0" */;
			buildPhases = (
				7E4EA1FD204E3CA6009868DF /* Sources */,
				7E4EA1FE204E3CA6009868DF /* Frameworks */,
				7E4EA1FF204E3CA6009868DF /* Resources */,
			);
			buildRules = (
			);
			dependencies = (
			);
			name = C3p0;
			productName = C3p0;
			productReference = 7E4EA201204E3CA6009868DF /* C3p0.app */;
			productType = "com.apple.product-type.application";
		};
		7E4EA214204E3CA6009868DF /* C3p0Tests */ = {
			isa = PBXNativeTarget;
			buildConfigurationList = 7E4EA22C204E3CA6009868DF /* Build configuration list for PBXNativeTarget "C3p0Tests" */;
			buildPhases = (
				7E4EA211204E3CA6009868DF /* Sources */,
				7E4EA212204E3CA6009868DF /* Frameworks */,
				7E4EA213204E3CA6009868DF /* Resources */,
			);
			buildRules = (
			);
			dependencies = (
				7E4EA217204E3CA6009868DF /* PBXTargetDependency */,
			);
			name = C3p0Tests;
			productName = C3p0Tests;
			productReference = 7E4EA215204E3CA6009868DF /* C3p0Tests.xctest */;
			productType = "com.apple.product-type.bundle.unit-test";
		};
		7E4EA21F204E3CA6009868DF /* C3p0UITests */ = {
			isa = PBXNativeTarget;
			buildConfigurationList = 7E4EA22F204E3CA6009868DF /* Build configuration list for PBXNativeTarget "C3p0UITests" */;
			buildPhases = (
				7E4EA21C204E3CA6009868DF /* Sources */,
				7E4EA21D204E3CA6009868DF /* Frameworks */,
				7E4EA21E204E3CA6009868DF /* Resources */,
			);
			buildRules = (
			);
			dependencies = (
				7E4EA222204E3CA6009868DF /* PBXTargetDependency */,
			);
			name = C3p0UITests;
			productName = C3p0UITests;
			productReference = 7E4EA220204E3CA6009868DF /* C3p0UITests.xctest */;
			productType = "com.apple.product-type.bundle.ui-testing";
		};
/* End PBXNativeTarget section */

/* Begin PBXProject section */
		7E4EA1F9204E3CA5009868DF /* Project object */ = {
			isa = PBXProject;
			attributes = {
				LastSwiftUpdateCheck = 0920;
				LastUpgradeCheck = 0920;
				ORGANIZATIONNAME = "Jared & Marcus";
				TargetAttributes = {
					7E4EA200204E3CA6009868DF = {
						CreatedOnToolsVersion = 9.2;
						ProvisioningStyle = Automatic;
					};
					7E4EA214204E3CA6009868DF = {
						CreatedOnToolsVersion = 9.2;
						ProvisioningStyle = Automatic;
						TestTargetID = 7E4EA200204E3CA6009868DF;
					};
					7E4EA21F204E3CA6009868DF = {
						CreatedOnToolsVersion = 9.2;
						ProvisioningStyle = Automatic;
						TestTargetID = 7E4EA200204E3CA6009868DF;
					};
				};
			};
			buildConfigurationList = 7E4EA1FC204E3CA5009868DF /* Build configuration list for PBXProject "C3p0" */;
			compatibilityVersion = "Xcode 8.0";
			developmentRegion = en;
			hasScannedForEncodings = 0;
			knownRegions = (
				en,
				Base,
			);
			mainGroup = 7E4EA1F8204E3CA5009868DF;
			productRefGroup = 7E4EA202204E3CA6009868DF /* Products */;
			projectDirPath = "";
			projectRoot = "";
			targets = (
				7E4EA200204E3CA6009868DF /* C3p0 */,
				7E4EA214204E3CA6009868DF /* C3p0Tests */,
				7E4EA21F204E3CA6009868DF /* C3p0UITests */,
			);
		};
/* End PBXProject section */

/* Begin PBXResourcesBuildPhase section */
		7E4EA1FF204E3CA6009868DF /* Resources */ = {
			isa = PBXResourcesBuildPhase;
			buildActionMask = 2147483647;
			files = (
				7E4EA20F204E3CA6009868DF /* LaunchScreen.storyboard in Resources */,
				7E4EA20C204E3CA6009868DF /* Assets.xcassets in Resources */,
				7E4EA20A204E3CA6009868DF /* Main.storyboard in Resources */,
			);
			runOnlyForDeploymentPostprocessing = 0;
		};
		7E4EA213204E3CA6009868DF /* Resources */ = {
			isa = PBXResourcesBuildPhase;
			buildActionMask = 2147483647;
			files = (
			);
			runOnlyForDeploymentPostprocessing = 0;
		};
		7E4EA21E204E3CA6009868DF /* Resources */ = {
			isa = PBXResourcesBuildPhase;
			buildActionMask = 2147483647;
			files = (
			);
			runOnlyForDeploymentPostprocessing = 0;
		};
/* End PBXResourcesBuildPhase section */

/* Begin PBXSourcesBuildPhase section */
		7E4EA1FD204E3CA6009868DF /* Sources */ = {
			isa = PBXSourcesBuildPhase;
			buildActionMask = 2147483647;
			files = (
				7E4EA207204E3CA6009868DF /* ViewController.swift in Sources */,
				7E4EA205204E3CA6009868DF /* AppDelegate.swift in Sources */,
			);
			runOnlyForDeploymentPostprocessing = 0;
		};
		7E4EA211204E3CA6009868DF /* Sources */ = {
			isa = PBXSourcesBuildPhase;
			buildActionMask = 2147483647;
			files = (
				7E4EA21A204E3CA6009868DF /* C3p0Tests.swift in Sources */,
			);
			runOnlyForDeploymentPostprocessing = 0;
		};
		7E4EA21C204E3CA6009868DF /* Sources */ = {
			isa = PBXSourcesBuildPhase;
			buildActionMask = 2147483647;
			files = (
				7E4EA225204E3CA6009868DF /* C3p0UITests.swift in Sources */,
			);
			runOnlyForDeploymentPostprocessing = 0;
		};
/* End PBXSourcesBuildPhase section */

/* Begin PBXTargetDependency section */
		7E4EA217204E3CA6009868DF /* PBXTargetDependency */ = {
			isa = PBXTargetDependency;
			target = 7E4EA200204E3CA6009868DF /* C3p0 */;
			targetProxy = 7E4EA216204E3CA6009868DF /* PBXContainerItemProxy */;
		};
		7E4EA222204E3CA6009868DF /* PBXTargetDependency */ = {
			isa = PBXTargetDependency;
			target = 7E4EA200204E3CA6009868DF /* C3p0 */;
			targetProxy = 7E4EA221204E3CA6009868DF /* PBXContainerItemProxy */;
		};
/* End PBXTargetDependency section */

/* Begin PBXVariantGroup section */
		7E4EA208204E3CA6009868DF /* Main.storyboard */ = {
			isa = PBXVariantGroup;
			children = (
				7E4EA209204E3CA6009868DF /* Base */,
			);
			name = Main.storyboard;
			sourceTree = "<group>";
		};
		7E4EA20D204E3CA6009868DF /* LaunchScreen.storyboard */ = {
			isa = PBXVariantGroup;
			children = (
				7E4EA20E204E3CA6009868DF /* Base */,
			);
			name = LaunchScreen.storyboard;
			sourceTree = "<group>";
		};
/* End PBXVariantGroup section */

/* Begin XCBuildConfiguration section */
		7E4EA227204E3CA6009868DF /* Debug */ = {
			isa = XCBuildConfiguration;
			buildSettings = {
				ALWAYS_SEARCH_USER_PATHS = NO;
				CLANG_ANALYZER_NONNULL = YES;
				CLANG_ANALYZER_NUMBER_OBJECT_CONVERSION = YES_AGGRESSIVE;
				CLANG_CXX_LANGUAGE_STANDARD = "gnu++14";
				CLANG_CXX_LIBRARY = "libc++";
				CLANG_ENABLE_MODULES = YES;
				CLANG_ENABLE_OBJC_ARC = YES;
				CLANG_WARN_BLOCK_CAPTURE_AUTORELEASING = YES;
				CLANG_WARN_BOOL_CONVERSION = YES;
				CLANG_WARN_COMMA = YES;
				CLANG_WARN_CONSTANT_CONVERSION = YES;
				CLANG_WARN_DIRECT_OBJC_ISA_USAGE = YES_ERROR;
				CLANG_WARN_DOCUMENTATION_COMMENTS = YES;
				CLANG_WARN_EMPTY_BODY = YES;
				CLANG_WARN_ENUM_CONVERSION = YES;
				CLANG_WARN_INFINITE_RECURSION = YES;
				CLANG_WARN_INT_CONVERSION = YES;
				CLANG_WARN_NON_LITERAL_NULL_CONVERSION = YES;
				CLANG_WARN_OBJC_LITERAL_CONVERSION = YES;
				CLANG_WARN_OBJC_ROOT_CLASS = YES_ERROR;
				CLANG_WARN_RANGE_LOOP_ANALYSIS = YES;
				CLANG_WARN_STRICT_PROTOTYPES = YES;
				CLANG_WARN_SUSPICIOUS_MOVE = YES;
				CLANG_WARN_UNGUARDED_AVAILABILITY = YES_AGGRESSIVE;
				CLANG_WARN_UNREACHABLE_CODE = YES;
				CLANG_WARN__DUPLICATE_METHOD_MATCH = YES;
				CODE_SIGN_IDENTITY = "iPhone Developer";
				COPY_PHASE_STRIP = NO;
				DEBUG_INFORMATION_FORMAT = dwarf;
				ENABLE_STRICT_OBJC_MSGSEND = YES;
				ENABLE_TESTABILITY = YES;
				GCC_C_LANGUAGE_STANDARD = gnu11;
				GCC_DYNAMIC_NO_PIC = NO;
				GCC_NO_COMMON_BLOCKS = YES;
				GCC_OPTIMIZATION_LEVEL = 0;
				GCC_PREPROCESSOR_DEFINITIONS = (
					"DEBUG=1",
					"$(inherited)",
				);
				GCC_WARN_64_TO_32_BIT_CONVERSION = YES;
				GCC_WARN_ABOUT_RETURN_TYPE = YES_ERROR;
				GCC_WARN_UNDECLARED_SELECTOR = YES;
				GCC_WARN_UNINITIALIZED_AUTOS = YES_AGGRESSIVE;
				GCC_WARN_UNUSED_FUNCTION = YES;
				GCC_WARN_UNUSED_VARIABLE = YES;
				IPHONEOS_DEPLOYMENT_TARGET = 11.2;
				MTL_ENABLE_DEBUG_INFO = YES;
				ONLY_ACTIVE_ARCH = YES;
				SDKROOT = iphoneos;
				SWIFT_ACTIVE_COMPILATION_CONDITIONS = DEBUG;
				SWIFT_OPTIMIZATION_LEVEL = "-Onone";
			};
			name = Debug;
		};
		7E4EA228204E3CA6009868DF /* Release */ = {
			isa = XCBuildConfiguration;
			buildSettings = {
				ALWAYS_SEARCH_USER_PATHS = NO;
				CLANG_ANALYZER_NONNULL = YES;
				CLANG_ANALYZER_NUMBER_OBJECT_CONVERSION = YES_AGGRESSIVE;
				CLANG_CXX_LANGUAGE_STANDARD = "gnu++14";
				CLANG_CXX_LIBRARY = "libc++";
				CLANG_ENABLE_MODULES = YES;
				CLANG_ENABLE_OBJC_ARC = YES;
				CLANG_WARN_BLOCK_CAPTURE_AUTORELEASING = YES;
				CLANG_WARN_BOOL_CONVERSION = YES;
				CLANG_WARN_COMMA = YES;
				CLANG_WARN_CONSTANT_CONVERSION = YES;
				CLANG_WARN_DIRECT_OBJC_ISA_USAGE = YES_ERROR;
				CLANG_WARN_DOCUMENTATION_COMMENTS = YES;
				CLANG_WARN_EMPTY_BODY = YES;
				CLANG_WARN_ENUM_CONVERSION = YES;
				CLANG_WARN_INFINITE_RECURSION = YES;
				CLANG_WARN_INT_CONVERSION = YES;
				CLANG_WARN_NON_LITERAL_NULL_CONVERSION = YES;
				CLANG_WARN_OBJC_LITERAL_CONVERSION = YES;
				CLANG_WARN_OBJC_ROOT_CLASS = YES_ERROR;
				CLANG_WARN_RANGE_LOOP_ANALYSIS = YES;
				CLANG_WARN_STRICT_PROTOTYPES = YES;
				CLANG_WARN_SUSPICIOUS_MOVE = YES;
				CLANG_WARN_UNGUARDED_AVAILABILITY = YES_AGGRESSIVE;
				CLANG_WARN_UNREACHABLE_CODE = YES;
				CLANG_WARN__DUPLICATE_METHOD_MATCH = YES;
				CODE_SIGN_IDENTITY = "iPhone Developer";
				COPY_PHASE_STRIP = NO;
				DEBUG_INFORMATION_FORMAT = "dwarf-with-dsym";
				ENABLE_NS_ASSERTIONS = NO;
				ENABLE_STRICT_OBJC_MSGSEND = YES;
				GCC_C_LANGUAGE_STANDARD = gnu11;
				GCC_NO_COMMON_BLOCKS = YES;
				GCC_WARN_64_TO_32_BIT_CONVERSION = YES;
				GCC_WARN_ABOUT_RETURN_TYPE = YES_ERROR;
				GCC_WARN_UNDECLARED_SELECTOR = YES;
				GCC_WARN_UNINITIALIZED_AUTOS = YES_AGGRESSIVE;
				GCC_WARN_UNUSED_FUNCTION = YES;
				GCC_WARN_UNUSED_VARIABLE = YES;
				IPHONEOS_DEPLOYMENT_TARGET = 11.2;
				MTL_ENABLE_DEBUG_INFO = NO;
				SDKROOT = iphoneos;
				SWIFT_OPTIMIZATION_LEVEL = "-Owholemodule";
				VALIDATE_PRODUCT = YES;
			};
			name = Release;
		};
		7E4EA22A204E3CA6009868DF /* Debug */ = {
			isa = XCBuildConfiguration;
			buildSettings = {
				ASSETCATALOG_COMPILER_APPICON_NAME = AppIcon;
				CODE_SIGN_STYLE = Automatic;
				INFOPLIST_FILE = C3p0/Info.plist;
				LD_RUNPATH_SEARCH_PATHS = "$(inherited) @executable_path/Frameworks";
				PRODUCT_BUNDLE_IDENTIFIER = "jared-Marcus.C3p0";
				PRODUCT_NAME = "$(TARGET_NAME)";
				SWIFT_VERSION = 4.0;
				TARGETED_DEVICE_FAMILY = "1,2";
			};
			name = Debug;
		};
		7E4EA22B204E3CA6009868DF /* Release */ = {
			isa = XCBuildConfiguration;
			buildSettings = {
				ASSETCATALOG_COMPILER_APPICON_NAME = AppIcon;
				CODE_SIGN_STYLE = Automatic;
				INFOPLIST_FILE = C3p0/Info.plist;
				LD_RUNPATH_SEARCH_PATHS = "$(inherited) @executable_path/Frameworks";
				PRODUCT_BUNDLE_IDENTIFIER = "jared-Marcus.C3p0";
				PRODUCT_NAME = "$(TARGET_NAME)";
				SWIFT_VERSION = 4.0;
				TARGETED_DEVICE_FAMILY = "1,2";
			};
			name = Release;
		};
		7E4EA22D204E3CA6009868DF /* Debug */ = {
			isa = XCBuildConfiguration;
			buildSettings = {
				ALWAYS_EMBED_SWIFT_STANDARD_LIBRARIES = YES;
				BUNDLE_LOADER = "$(TEST_HOST)";
				CODE_SIGN_STYLE = Automatic;
				INFOPLIST_FILE = C3p0Tests/Info.plist;
				LD_RUNPATH_SEARCH_PATHS = "$(inherited) @executable_path/Frameworks @loader_path/Frameworks";
				PRODUCT_BUNDLE_IDENTIFIER = "jared-Marcus.C3p0Tests";
				PRODUCT_NAME = "$(TARGET_NAME)";
				SWIFT_VERSION = 4.0;
				TARGETED_DEVICE_FAMILY = "1,2";
				TEST_HOST = "$(BUILT_PRODUCTS_DIR)/C3p0.app/C3p0";
			};
			name = Debug;
		};
		7E4EA22E204E3CA6009868DF /* Release */ = {
			isa = XCBuildConfiguration;
			buildSettings = {
				ALWAYS_EMBED_SWIFT_STANDARD_LIBRARIES = YES;
				BUNDLE_LOADER = "$(TEST_HOST)";
				CODE_SIGN_STYLE = Automatic;
				INFOPLIST_FILE = C3p0Tests/Info.plist;
				LD_RUNPATH_SEARCH_PATHS = "$(inherited) @executable_path/Frameworks @loader_path/Frameworks";
				PRODUCT_BUNDLE_IDENTIFIER = "jared-Marcus.C3p0Tests";
				PRODUCT_NAME = "$(TARGET_NAME)";
				SWIFT_VERSION = 4.0;
				TARGETED_DEVICE_FAMILY = "1,2";
				TEST_HOST = "$(BUILT_PRODUCTS_DIR)/C3p0.app/C3p0";
			};
			name = Release;
		};
		7E4EA230204E3CA6009868DF /* Debug */ = {
			isa = XCBuildConfiguration;
			buildSettings = {
				ALWAYS_EMBED_SWIFT_STANDARD_LIBRARIES = YES;
				CODE_SIGN_STYLE = Automatic;
				INFOPLIST_FILE = C3p0UITests/Info.plist;
				LD_RUNPATH_SEARCH_PATHS = "$(inherited) @executable_path/Frameworks @loader_path/Frameworks";
				PRODUCT_BUNDLE_IDENTIFIER = "jared-Marcus.C3p0UITests";
				PRODUCT_NAME = "$(TARGET_NAME)";
				SWIFT_VERSION = 4.0;
				TARGETED_DEVICE_FAMILY = "1,2";
				TEST_TARGET_NAME = C3p0;
			};
			name = Debug;
		};
		7E4EA231204E3CA6009868DF /* Release */ = {
			isa = XCBuildConfiguration;
			buildSettings = {
				ALWAYS_EMBED_SWIFT_STANDARD_LIBRARIES = YES;
				CODE_SIGN_STYLE = Automatic;
				INFOPLIST_FILE = C3p0UITests/Info.plist;
				LD_RUNPATH_SEARCH_PATHS = "$(inherited) @executable_path/Frameworks @loader_path/Frameworks";
				PRODUCT_BUNDLE_IDENTIFIER = "jared-Marcus.C3p0UITests";
				PRODUCT_NAME = "$(TARGET_NAME)";
				SWIFT_VERSION = 4.0;
				TARGETED_DEVICE_FAMILY = "1,2";
				TEST_TARGET_NAME = C3p0;
			};
			name = Release;
		};
/* End XCBuildConfiguration section */

/* Begin XCConfigurationList section */
		7E4EA1FC204E3CA5009868DF /* Build configuration list for PBXProject "C3p0" */ = {
			isa = XCConfigurationList;
			buildConfigurations = (
				7E4EA227204E3CA6009868DF /* Debug */,
				7E4EA228204E3CA6009868DF /* Release */,
			);
			defaultConfigurationIsVisible = 0;
			defaultConfigurationName = Release;
		};
		7E4EA229204E3CA6009868DF /* Build configuration list for PBXNativeTarget "C3p0" */ = {
			isa = XCConfigurationList;
			buildConfigurations = (
				7E4EA22A204E3CA6009868DF /* Debug */,
				7E4EA22B204E3CA6009868DF /* Release */,
			);
			defaultConfigurationIsVisible = 0;
			defaultConfigurationName = Release;
		};
		7E4EA22C204E3CA6009868DF /* Build configuration list for PBXNativeTarget "C3p0Tests" */ = {
			isa = XCConfigurationList;
			buildConfigurations = (
				7E4EA22D204E3CA6009868DF /* Debug */,
				7E4EA22E204E3CA6009868DF /* Release */,
			);
			defaultConfigurationIsVisible = 0;
			defaultConfigurationName = Release;
		};
		7E4EA22F204E3CA6009868DF /* Build configuration list for PBXNativeTarget "C3p0UITests" */ = {
			isa = XCConfigurationList;
			buildConfigurations = (
				7E4EA230204E3CA6009868DF /* Debug */,
				7E4EA231204E3CA6009868DF /* Release */,
			);
			defaultConfigurationIsVisible = 0;
			defaultConfigurationName = Release;
		};
/* End XCConfigurationList section */
	};
	rootObject = 7E4EA1F9204E3CA5009868DF /* Project object */;
}
